
Microsoft Visual Studio Solution File, Format Version 12.00
# Visual Studio Version 17
VisualStudioVersion = 17.0.32112.339
MinimumVisualStudioVersion = 10.0.40219.1
Project("{FAE04EC0-301F-11D3-BF4B-00C04F79EFBC}") = "B10Recnik", "B10Recnik\B10Recnik.csproj", "{0E59E2F0-C010-4BBB-B625-C9B8582C710F}"
EndProject
Global
	GlobalSection(SolutionConfigurationPlatforms) = preSolution
		Debug|Any CPU = Debug|Any CPU
		Release|Any CPU = Release|Any CPU
	EndGlobalSection
	GlobalSection(ProjectConfigurationPlatforms) = postSolution
		{0E59E2F0-C010-4BBB-B625-C9B8582C710F}.Debug|Any CPU.ActiveCfg = Debug|Any CPU
		{0E59E2F0-C010-4BBB-B625-C9B8582C710F}.Debug|Any CPU.Build.0 = Debug|Any CPU
		{0E59E2F0-C010-4BBB-B625-C9B8582C710F}.Release|Any CPU.ActiveCfg = Release|Any CPU
		{0E59E2F0-C010-4BBB-B625-C9B8582C710F}.Release|Any CPU.Build.0 = Release|Any CPU
	EndGlobalSection
	GlobalSection(SolutionProperties) = preSolution
		HideSolutionNode = FALSE
	EndGlobalSection
	GlobalSection(ExtensibilityGlobals) = postSolution
		SolutionGuid = {ADDA017D-9450-4784-B4B5-86B4EBE0ECE0}
	EndGlobalSection
EndGlobal
